// !$*UTF8*$!
{
	archiveVersion = 1;
	classes = {
	};
	objectVersion = 56;
	objects = {

/* Begin PBXBuildFile section */
		147C34632B08CACC002D9EE6 /* ShardFils.swift in Sources */ = {isa = PBXBuildFile; fileRef = 147C34622B08CACC002D9EE6 /* ShardFils.swift */; };
		14964E3F2B0156740032B790 /* AppDelegate.swift in Sources */ = {isa = PBXBuildFile; fileRef = 14964E3E2B0156740032B790 /* AppDelegate.swift */; };
		14964E412B0156740032B790 /* SceneDelegate.swift in Sources */ = {isa = PBXBuildFile; fileRef = 14964E402B0156740032B790 /* SceneDelegate.swift */; };
		14964E432B0156740032B790 /* ViewController.swift in Sources */ = {isa = PBXBuildFile; fileRef = 14964E422B0156740032B790 /* ViewController.swift */; };
		14964E462B0156740032B790 /* Main.storyboard in Resources */ = {isa = PBXBuildFile; fileRef = 14964E442B0156740032B790 /* Main.storyboard */; };
		14964E482B0156780032B790 /* Assets.xcassets in Resources */ = {isa = PBXBuildFile; fileRef = 14964E472B0156780032B790 /* Assets.xcassets */; };
		14964E4B2B0156780032B790 /* LaunchScreen.storyboard in Resources */ = {isa = PBXBuildFile; fileRef = 14964E492B0156780032B790 /* LaunchScreen.storyboard */; };
		14DC61B82B0EB41A005B9008 /* NoqoodyPay.framework in Frameworks */ = {isa = PBXBuildFile; fileRef = 14DC61B62B0EB357005B9008 /* NoqoodyPay.framework */; };
		14DC61B92B0EB41A005B9008 /* NoqoodyPay.framework in Embed Frameworks */ = {isa = PBXBuildFile; fileRef = 14DC61B62B0EB357005B9008 /* NoqoodyPay.framework */; settings = {ATTRIBUTES = (CodeSignOnCopy, RemoveHeadersOnCopy, ); }; };
/* End PBXBuildFile section */

/* Begin PBXCopyFilesBuildPhase section */
		14DC61BA2B0EB41A005B9008 /* Embed Frameworks */ = {
			isa = PBXCopyFilesBuildPhase;
			buildActionMask = 2147483647;
			dstPath = "";
			dstSubfolderSpec = 10;
			files = (
				14DC61B92B0EB41A005B9008 /* NoqoodyPay.framework in Embed Frameworks */,
			);
			name = "Embed Frameworks";
			runOnlyForDeploymentPostprocessing = 0;
		};
/* End PBXCopyFilesBuildPhase section */

/* Begin PBXFileReference section */
		147C34622B08CACC002D9EE6 /* ShardFils.swift */ = {isa = PBXFileReference; lastKnownFileType = sourcecode.swift; path = ShardFils.swift; sourceTree = "<group>"; };
		14964E3B2B0156740032B790 /* TestApplePAy.app */ = {isa = PBXFileReference; explicitFileType = wrapper.application; includeInIndex = 0; path = TestApplePAy.app; sourceTree = BUILT_PRODUCTS_DIR; };
		14964E3E2B0156740032B790 /* AppDelegate.swift */ = {isa = PBXFileReference; lastKnownFileType = sourcecode.swift; path = AppDelegate.swift; sourceTree = "<group>"; };
		14964E402B0156740032B790 /* SceneDelegate.swift */ = {isa = PBXFileReference; lastKnownFileType = sourcecode.swift; path = SceneDelegate.swift; sourceTree = "<group>"; };
		14964E422B0156740032B790 /* ViewController.swift */ = {isa = PBXFileReference; lastKnownFileType = sourcecode.swift; path = ViewController.swift; sourceTree = "<group>"; };
		14964E452B0156740032B790 /* Base */ = {isa = PBXFileReference; lastKnownFileType = file.storyboard; name = Base; path = Base.lproj/Main.storyboard; sourceTree = "<group>"; };
		14964E472B0156780032B790 /* Assets.xcassets */ = {isa = PBXFileReference; lastKnownFileType = folder.assetcatalog; path = Assets.xcassets; sourceTree = "<group>"; };
		14964E4A2B0156780032B790 /* Base */ = {isa = PBXFileReference; lastKnownFileType = file.storyboard; name = Base; path = Base.lproj/LaunchScreen.storyboard; sourceTree = "<group>"; };
		14964E4C2B0156780032B790 /* Info.plist */ = {isa = PBXFileReference; lastKnownFileType = text.plist.xml; path = Info.plist; sourceTree = "<group>"; };
		14DC61B62B0EB357005B9008 /* NoqoodyPay.framework */ = {isa = PBXFileReference; lastKnownFileType = wrapper.framework; path = NoqoodyPay.framework; sourceTree = "<group>"; };
		14E8EBE72B0BED0B00D40C70 /* TestApplePAy.entitlements */ = {isa = PBXFileReference; lastKnownFileType = text.plist.entitlements; path = TestApplePAy.entitlements; sourceTree = "<group>"; };
/* End PBXFileReference section */

/* Begin PBXFrameworksBuildPhase section */
		14964E382B0156740032B790 /* Frameworks */ = {
			isa = PBXFrameworksBuildPhase;
			buildActionMask = 2147483647;
			files = (
				14DC61B82B0EB41A005B9008 /* NoqoodyPay.framework in Frameworks */,
			);
			runOnlyForDeploymentPostprocessing = 0;
		};
/* End PBXFrameworksBuildPhase section */

/* Begin PBXGroup section */
		14964E322B0156740032B790 = {
			isa = PBXGroup;
			children = (
				14964E3D2B0156740032B790 /* TestApplePAy */,
				14964E3C2B0156740032B790 /* Products */,
			);
			sourceTree = "<group>";
		};
		14964E3C2B0156740032B790 /* Products */ = {
			isa = PBXGroup;
			children = (
				14964E3B2B0156740032B790 /* TestApplePAy.app */,
			);
			name = Products;
			sourceTree = "<group>";
		};
		14964E3D2B0156740032B790 /* TestApplePAy */ = {
			isa = PBXGroup;
			children = (
				14E8EBE72B0BED0B00D40C70 /* TestApplePAy.entitlements */,
				14964E3E2B0156740032B790 /* AppDelegate.swift */,
				14964E402B0156740032B790 /* SceneDelegate.swift */,
				14964E422B0156740032B790 /* ViewController.swift */,
				147C34622B08CACC002D9EE6 /* ShardFils.swift */,
				14964E442B0156740032B790 /* Main.storyboard */,
				14964E472B0156780032B790 /* Assets.xcassets */,
				14964E492B0156780032B790 /* LaunchScreen.storyboard */,
				14DC61B62B0EB357005B9008 /* NoqoodyPay.framework */,
				14964E4C2B0156780032B790 /* Info.plist */,
			);
			path = TestApplePAy;
			sourceTree = "<group>";
		};
/* End PBXGroup section */

/* Begin PBXNativeTarget section */
		14964E3A2B0156740032B790 /* TestApplePAy */ = {
			isa = PBXNativeTarget;
			buildConfigurationList = 14964E4F2B0156780032B790 /* Build configuration list for PBXNativeTarget "TestApplePAy" */;
			buildPhases = (
				14964E372B0156740032B790 /* Sources */,
				14964E382B0156740032B790 /* Frameworks */,
				14964E392B0156740032B790 /* Resources */,
				14DC61BA2B0EB41A005B9008 /* Embed Frameworks */,
			);
			buildRules = (
			);
			dependencies = (
			);
			name = TestApplePAy;
			productName = TestApplePAy;
			productReference = 14964E3B2B0156740032B790 /* TestApplePAy.app */;
			productType = "com.apple.product-type.application";
		};
/* End PBXNativeTarget section */

/* Begin PBXProject section */
		14964E332B0156740032B790 /* Project object */ = {
			isa = PBXProject;
			attributes = {
				BuildIndependentTargetsInParallel = 1;
				LastSwiftUpdateCheck = 1430;
				LastUpgradeCheck = 1430;
				TargetAttributes = {
					14964E3A2B0156740032B790 = {
						CreatedOnToolsVersion = 14.3.1;
					};
				};
			};
			buildConfigurationList = 14964E362B0156740032B790 /* Build configuration list for PBXProject "TestApplePAy" */;
			compatibilityVersion = "Xcode 14.0";
			developmentRegion = en;
			hasScannedForEncodings = 0;
			knownRegions = (
				en,
				Base,
			);
			mainGroup = 14964E322B0156740032B790;
			productRefGroup = 14964E3C2B0156740032B790 /* Products */;
			projectDirPath = "";
			projectRoot = "";
			targets = (
				14964E3A2B0156740032B790 /* TestApplePAy */,
			);
		};
/* End PBXProject section */

/* Begin PBXResourcesBuildPhase section */
		14964E392B0156740032B790 /* Resources */ = {
			isa = PBXResourcesBuildPhase;
			buildActionMask = 2147483647;
			files = (
				14964E4B2B0156780032B790 /* LaunchScreen.storyboard in Resources */,
				14964E482B0156780032B790 /* Assets.xcassets in Resources */,
				14964E462B0156740032B790 /* Main.storyboard in Resources */,
			);
			runOnlyForDeploymentPostprocessing = 0;
		};
/* End PBXResourcesBuildPhase section */

/* Begin PBXSourcesBuildPhase section */
		14964E372B0156740032B790 /* Sources */ = {
			isa = PBXSourcesBuildPhase;
			buildActionMask = 2147483647;
			files = (
				147C34632B08CACC002D9EE6 /* ShardFils.swift in Sources */,
				14964E432B0156740032B790 /* ViewController.swift in Sources */,
				14964E3F2B0156740032B790 /* AppDelegate.swift in Sources */,
				14964E412B0156740032B790 /* SceneDelegate.swift in Sources */,
			);
			runOnlyForDeploymentPostprocessing = 0;
		};
/* End PBXSourcesBuildPhase section */

/* Begin PBXVariantGroup section */
		14964E442B0156740032B790 /* Main.storyboard */ = {
			isa = PBXVariantGroup;
			children = (
				14964E452B0156740032B790 /* Base */,
			);
			name = Main.storyboard;
			sourceTree = "<group>";
		};
		14964E492B0156780032B790 /* LaunchScreen.storyboard */ = {
			isa = PBXVariantGroup;
			children = (
				14964E4A2B0156780032B790 /* Base */,
			);
			name = LaunchScreen.storyboard;
			sourceTree = "<group>";
		};
/* End PBXVariantGroup section */

/* Begin XCBuildConfiguration section */
		14964E4D2B0156780032B790 /* Debug */ = {
			isa = XCBuildConfiguration;
			buildSettings = {
				ALWAYS_SEARCH_USER_PATHS = NO;
				CLANG_ANALYZER_NONNULL = YES;
				CLANG_ANALYZER_NUMBER_OBJECT_CONVERSION = YES_AGGRESSIVE;
				CLANG_CXX_LANGUAGE_STANDARD = "gnu++20";
				CLANG_ENABLE_MODULES = YES;
				CLANG_ENABLE_OBJC_ARC = YES;
				CLANG_ENABLE_OBJC_WEAK = YES;
				CLANG_WARN_BLOCK_CAPTURE_AUTORELEASING = YES;
				CLANG_WARN_BOOL_CONVERSION = YES;
				CLANG_WARN_COMMA = YES;
				CLANG_WARN_CONSTANT_CONVERSION = YES;
				CLANG_WARN_DEPRECATED_OBJC_IMPLEMENTATIONS = YES;
				CLANG_WARN_DIRECT_OBJC_ISA_USAGE = YES_ERROR;
				CLANG_WARN_DOCUMENTATION_COMMENTS = YES;
				CLANG_WARN_EMPTY_BODY = YES;
				CLANG_WARN_ENUM_CONVERSION = YES;
				CLANG_WARN_INFINITE_RECURSION = YES;
				CLANG_WARN_INT_CONVERSION = YES;
				CLANG_WARN_NON_LITERAL_NULL_CONVERSION = YES;
				CLANG_WARN_OBJC_IMPLICIT_RETAIN_SELF = YES;
				CLANG_WARN_OBJC_LITERAL_CONVERSION = YES;
				CLANG_WARN_OBJC_ROOT_CLASS = YES_ERROR;
				CLANG_WARN_QUOTED_INCLUDE_IN_FRAMEWORK_HEADER = YES;
				CLANG_WARN_RANGE_LOOP_ANALYSIS = YES;
				CLANG_WARN_STRICT_PROTOTYPES = YES;
				CLANG_WARN_SUSPICIOUS_MOVE = YES;
				CLANG_WARN_UNGUARDED_AVAILABILITY = YES_AGGRESSIVE;
				CLANG_WARN_UNREACHABLE_CODE = YES;
				CLANG_WARN__DUPLICATE_METHOD_MATCH = YES;
				COPY_PHASE_STRIP = NO;
				DEBUG_INFORMATION_FORMAT = dwarf;
				ENABLE_STRICT_OBJC_MSGSEND = YES;
				ENABLE_TESTABILITY = YES;
				GCC_C_LANGUAGE_STANDARD = gnu11;
				GCC_DYNAMIC_NO_PIC = NO;
				GCC_NO_COMMON_BLOCKS = YES;
				GCC_OPTIMIZATION_LEVEL = 0;
				GCC_PREPROCESSOR_DEFINITIONS = (
					"DEBUG=1",
					"$(inherited)",
				);
				GCC_WARN_64_TO_32_BIT_CONVERSION = YES;
				GCC_WARN_ABOUT_RETURN_TYPE = YES_ERROR;
				GCC_WARN_UNDECLARED_SELECTOR = YES;
				GCC_WARN_UNINITIALIZED_AUTOS = YES_AGGRESSIVE;
				GCC_WARN_UNUSED_FUNCTION = YES;
				GCC_WARN_UNUSED_VARIABLE = YES;
				IPHONEOS_DEPLOYMENT_TARGET = 16.4;
				MTL_ENABLE_DEBUG_INFO = INCLUDE_SOURCE;
				MTL_FAST_MATH = YES;
				ONLY_ACTIVE_ARCH = YES;
				SDKROOT = iphoneos;
				SWIFT_ACTIVE_COMPILATION_CONDITIONS = DEBUG;
				SWIFT_OPTIMIZATION_LEVEL = "-Onone";
			};
			name = Debug;
		};
		14964E4E2B0156780032B790 /* Release */ = {
			isa = XCBuildConfiguration;
			buildSettings = {
				ALWAYS_SEARCH_USER_PATHS = NO;
				CLANG_ANALYZER_NONNULL = YES;
				CLANG_ANALYZER_NUMBER_OBJECT_CONVERSION = YES_AGGRESSIVE;
				CLANG_CXX_LANGUAGE_STANDARD = "gnu++20";
				CLANG_ENABLE_MODULES = YES;
				CLANG_ENABLE_OBJC_ARC = YES;
				CLANG_ENABLE_OBJC_WEAK = YES;
				CLANG_WARN_BLOCK_CAPTURE_AUTORELEASING = YES;
				CLANG_WARN_BOOL_CONVERSION = YES;
				CLANG_WARN_COMMA = YES;
				CLANG_WARN_CONSTANT_CONVERSION = YES;
				CLANG_WARN_DEPRECATED_OBJC_IMPLEMENTATIONS = YES;
				CLANG_WARN_DIRECT_OBJC_ISA_USAGE = YES_ERROR;
				CLANG_WARN_DOCUMENTATION_COMMENTS = YES;
				CLANG_WARN_EMPTY_BODY = YES;
				CLANG_WARN_ENUM_CONVERSION = YES;
				CLANG_WARN_INFINITE_RECURSION = YES;
				CLANG_WARN_INT_CONVERSION = YES;
				CLANG_WARN_NON_LITERAL_NULL_CONVERSION = YES;
				CLANG_WARN_OBJC_IMPLICIT_RETAIN_SELF = YES;
				CLANG_WARN_OBJC_LITERAL_CONVERSION = YES;
				CLANG_WARN_OBJC_ROOT_CLASS = YES_ERROR;
				CLANG_WARN_QUOTED_INCLUDE_IN_FRAMEWORK_HEADER = YES;
				CLANG_WARN_RANGE_LOOP_ANALYSIS = YES;
				CLANG_WARN_STRICT_PROTOTYPES = YES;
				CLANG_WARN_SUSPICIOUS_MOVE = YES;
				CLANG_WARN_UNGUARDED_AVAILABILITY = YES_AGGRESSIVE;
				CLANG_WARN_UNREACHABLE_CODE = YES;
				CLANG_WARN__DUPLICATE_METHOD_MATCH = YES;
				COPY_PHASE_STRIP = NO;
				DEBUG_INFORMATION_FORMAT = "dwarf-with-dsym";
				ENABLE_NS_ASSERTIONS = NO;
				ENABLE_STRICT_OBJC_MSGSEND = YES;
				GCC_C_LANGUAGE_STANDARD = gnu11;
				GCC_NO_COMMON_BLOCKS = YES;
				GCC_WARN_64_TO_32_BIT_CONVERSION = YES;
				GCC_WARN_ABOUT_RETURN_TYPE = YES_ERROR;
				GCC_WARN_UNDECLARED_SELECTOR = YES;
				GCC_WARN_UNINITIALIZED_AUTOS = YES_AGGRESSIVE;
				GCC_WARN_UNUSED_FUNCTION = YES;
				GCC_WARN_UNUSED_VARIABLE = YES;
				IPHONEOS_DEPLOYMENT_TARGET = 16.4;
				MTL_ENABLE_DEBUG_INFO = NO;
				MTL_FAST_MATH = YES;
				SDKROOT = iphoneos;
				SWIFT_COMPILATION_MODE = wholemodule;
				SWIFT_OPTIMIZATION_LEVEL = "-O";
				VALIDATE_PRODUCT = YES;
			};
			name = Release;
		};
		14964E502B0156780032B790 /* Debug */ = {
			isa = XCBuildConfiguration;
			buildSettings = {
				ASSETCATALOG_COMPILER_APPICON_NAME = AppIcon;
				ASSETCATALOG_COMPILER_GLOBAL_ACCENT_COLOR_NAME = AccentColor;
				CODE_SIGN_ENTITLEMENTS = TestApplePAy/TestApplePAy.entitlements;
				CODE_SIGN_STYLE = Automatic;
				CURRENT_PROJECT_VERSION = 6;
				DEVELOPMENT_TEAM = L7342VJMYT;
				FRAMEWORK_SEARCH_PATHS = (
					"$(inherited)",
					"$(PROJECT_DIR)/TestApplePAy",
				);
				GENERATE_INFOPLIST_FILE = YES;
				INFOPLIST_FILE = TestApplePAy/Info.plist;
				INFOPLIST_KEY_CFBundleDisplayName = "Demo NoqoodyPay";
				INFOPLIST_KEY_UIApplicationSupportsIndirectInputEvents = YES;
				INFOPLIST_KEY_UILaunchStoryboardName = LaunchScreen;
				INFOPLIST_KEY_UIMainStoryboardFile = Main;
				INFOPLIST_KEY_UISupportedInterfaceOrientations_iPad = "UIInterfaceOrientationPortrait UIInterfaceOrientationPortraitUpsideDown UIInterfaceOrientationLandscapeLeft UIInterfaceOrientationLandscapeRight";
				INFOPLIST_KEY_UISupportedInterfaceOrientations_iPhone = "UIInterfaceOrientationPortrait UIInterfaceOrientationLandscapeLeft UIInterfaceOrientationLandscapeRight";
				IPHONEOS_DEPLOYMENT_TARGET = 15.0;
				LD_RUNPATH_SEARCH_PATHS = (
					"$(inherited)",
					"@executable_path/Frameworks",
				);
				MARKETING_VERSION = 2.6;
				PRODUCT_BUNDLE_IDENTIFIER = com.demo.noqoodypay;
				PRODUCT_NAME = "$(TARGET_NAME)";
				SWIFT_EMIT_LOC_STRINGS = YES;
				SWIFT_VERSION = 5.0;
				TARGETED_DEVICE_FAMILY = "1,2";
			};
			name = Debug;
		};
		14964E512B0156780032B790 /* Release */ = {
			isa = XCBuildConfiguration;
			buildSettings = {
				ASSETCATALOG_COMPILER_APPICON_NAME = AppIcon;
				ASSETCATALOG_COMPILER_GLOBAL_ACCENT_COLOR_NAME = AccentColor;
				CODE_SIGN_ENTITLEMENTS = TestApplePAy/TestApplePAy.entitlements;
				CODE_SIGN_STYLE = Automatic;
				CURRENT_PROJECT_VERSION = 6;
				DEVELOPMENT_TEAM = L7342VJMYT;
				FRAMEWORK_SEARCH_PATHS = (
					"$(inherited)",
					"$(PROJECT_DIR)/TestApplePAy",
				);
				GENERATE_INFOPLIST_FILE = YES;
				INFOPLIST_FILE = TestApplePAy/Info.plist;
				INFOPLIST_KEY_CFBundleDisplayName = "Demo NoqoodyPay";
				INFOPLIST_KEY_UIApplicationSupportsIndirectInputEvents = YES;
				INFOPLIST_KEY_UILaunchStoryboardName = LaunchScreen;
				INFOPLIST_KEY_UIMainStoryboardFile = Main;
				INFOPLIST_KEY_UISupportedInterfaceOrientations_iPad = "UIInterfaceOrientationPortrait UIInterfaceOrientationPortraitUpsideDown UIInterfaceOrientationLandscapeLeft UIInterfaceOrientationLandscapeRight";
				INFOPLIST_KEY_UISupportedInterfaceOrientations_iPhone = "UIInterfaceOrientationPortrait UIInterfaceOrientationLandscapeLeft UIInterfaceOrientationLandscapeRight";
				IPHONEOS_DEPLOYMENT_TARGET = 15.0;
				LD_RUNPATH_SEARCH_PATHS = (
					"$(inherited)",
					"@executable_path/Frameworks",
				);
				MARKETING_VERSION = 2.6;
				PRODUCT_BUNDLE_IDENTIFIER = com.demo.noqoodypay;
				PRODUCT_NAME = "$(TARGET_NAME)";
				SWIFT_EMIT_LOC_STRINGS = YES;
				SWIFT_VERSION = 5.0;
				TARGETED_DEVICE_FAMILY = "1,2";
			};
			name = Release;
		};
/* End XCBuildConfiguration section */

/* Begin XCConfigurationList section */
		14964E362B0156740032B790 /* Build configuration list for PBXProject "TestApplePAy" */ = {
			isa = XCConfigurationList;
			buildConfigurations = (
				14964E4D2B0156780032B790 /* Debug */,
				14964E4E2B0156780032B790 /* Release */,
			);
			defaultConfigurationIsVisible = 0;
			defaultConfigurationName = Release;
		};
		14964E4F2B0156780032B790 /* Build configuration list for PBXNativeTarget "TestApplePAy" */ = {
			isa = XCConfigurationList;
			buildConfigurations = (
				14964E502B0156780032B790 /* Debug */,
				14964E512B0156780032B790 /* Release */,
			);
			defaultConfigurationIsVisible = 0;
			defaultConfigurationName = Release;
		};
/* End XCConfigurationList section */
	};
	rootObject = 14964E332B0156740032B790 /* Project object */;
}
